{
  "nodes": {
    "disko": {
      "inputs": {
        "nixpkgs": [
          "nixpkgs"
        ]
      },
      "locked": {
        "lastModified": 1766150702,
        "narHash": "sha256-P0kM+5o+DKnB6raXgFEk3azw8Wqg5FL6wyl9jD+G5a4=",
        "owner": "nix-community",
        "repo": "disko",
        "rev": "916506443ecd0d0b4a0f4cf9d40a3c22ce39b378",
        "type": "github"
      },
      "original": {
        "owner": "nix-community",
        "repo": "disko",
        "type": "github"
      }
    },
    "duat-secrets": {
      "flake": false,
      "locked": {
        "lastModified": 1768183254,
        "narHash": "sha256-7ieIrUDsukn0NbItWs/3o9BpNDMUe3pF+3UQE9rGXOk=",
        "ref": "main",
        "rev": "e660759f0a69a70cf27046d26948a2ec99d34b55",
        "shallow": true,
        "type": "git",
        "url": "ssh://git@github.com/user9592844/duat-secrets"
      },
      "original": {
        "ref": "main",
        "shallow": true,
        "type": "git",
        "url": "ssh://git@github.com/user9592844/duat-secrets"
      }
    },
    "home-manager": {
      "inputs": {
        "nixpkgs": [
          "nixpkgs"
        ]
      },
      "locked": {
        "lastModified": 1768603898,
        "narHash": "sha256-vRV1dWJOCpCal3PRr86wE2WTOMfAhTu6G7bSvOsryUo=",
        "owner": "nix-community",
        "repo": "home-manager",
        "rev": "2a63d0e9d2c72ac4d4150ebb242cf8d86f488c8c",
        "type": "github"
      },
      "original": {
        "owner": "nix-community",
        "ref": "release-25.11",
        "repo": "home-manager",
        "type": "github"
      }
    },
    "home-manager_2": {
      "inputs": {
        "nixpkgs": [
          "impermanence",
          "nixpkgs"
        ]
      },
      "locked": {
        "lastModified": 1747978958,
        "narHash": "sha256-pQQnbxWpY3IiZqgelXHIe/OAE/Yv4NSQq7fch7M6nXQ=",
        "owner": "nix-community",
        "repo": "home-manager",
        "rev": "7419250703fd5eb50e99bdfb07a86671939103ea",
        "type": "github"
      },
      "original": {
        "owner": "nix-community",
        "repo": "home-manager",
        "type": "github"
      }
    },
    "impermanence": {
      "inputs": {
        "home-manager": "home-manager_2",
        "nixpkgs": "nixpkgs"
      },
      "locked": {
        "lastModified": 1767822991,
        "narHash": "sha256-iyrn9AcPZCoyxX4OT8eMkBsjG7SRUQXXS/V1JzxS7rA=",
        "owner": "nix-community",
        "repo": "impermanence",
        "rev": "82e5bc4508cab9e8d5a136626276eb5bbce5e9c5",
        "type": "github"
      },
      "original": {
        "owner": "nix-community",
        "repo": "impermanence",
        "type": "github"
      }
    },
    "nixos-hardware": {
      "locked": {
        "lastModified": 1768584846,
        "narHash": "sha256-IRPmIOV2tPwxbhP/I9M5AmwhTC0lMPtoPStC+8T6xl0=",
        "owner": "NixOs",
        "repo": "nixos-hardware",
        "rev": "cce68f4a54fa4e3d633358364477f5cc1d782440",
        "type": "github"
      },
      "original": {
        "owner": "NixOs",
        "repo": "nixos-hardware",
        "type": "github"
      }
    },
    "nixpkgs": {
      "locked": {
        "lastModified": 1748026106,
        "narHash": "sha256-6m1Y3/4pVw1RWTsrkAK2VMYSzG4MMIj7sqUy7o8th1o=",
        "owner": "nixos",
        "repo": "nixpkgs",
        "rev": "063f43f2dbdef86376cc29ad646c45c46e93234c",
        "type": "github"
      },
      "original": {
        "owner": "nixos",
        "ref": "nixos-unstable",
        "repo": "nixpkgs",
        "type": "github"
      }
    },
    "nixpkgs_2": {
      "locked": {
        "lastModified": 1768693560,
        "narHash": "sha256-+Czu35DqE8/zfX8LqIX4co3x/rGx2ejI/2baTpTBsTI=",
        "owner": "NixOS",
        "repo": "nixpkgs",
        "rev": "0be16e628bf696d718f652262668040ed1d1b5fa",
        "type": "github"
      },
      "original": {
        "owner": "NixOS",
        "ref": "nixos-25.11-small",
        "repo": "nixpkgs",
        "type": "github"
      }
    },
    "root": {
      "inputs": {
        "disko": "disko",
        "duat-secrets": "duat-secrets",
        "home-manager": "home-manager",
        "impermanence": "impermanence",
        "nixos-hardware": "nixos-hardware",
        "nixpkgs": "nixpkgs_2",
        "sops": "sops"
      }
    },
    "sops": {
      "inputs": {
        "nixpkgs": [
          "nixpkgs"
        ]
      },
      "locked": {
        "lastModified": 1768481291,
        "narHash": "sha256-NjKtkJraCZEnLHAJxLTI+BfdU//9coAz9p5TqveZwPU=",
        "owner": "mic92",
        "repo": "sops-nix",
        "rev": "e085e303dfcce21adcb5fec535d65aacb066f101",
        "type": "github"
      },
      "original": {
        "owner": "mic92",
        "repo": "sops-nix",
        "type": "github"
      }
    }
  },
  "root": "root",
  "version": 7
}
