{
  "nodes": {
    "disko": {
      "inputs": {
        "nixpkgs": "nixpkgs"
      },
      "locked": {
        "lastModified": 1757508292,
        "narHash": "sha256-7lVWL5bC6xBIMWWDal41LlGAG+9u2zUorqo3QCUL4p4=",
        "owner": "nix-community",
        "repo": "disko",
        "rev": "146f45bee02b8bd88812cfce6ffc0f933788875a",
        "type": "github"
      },
      "original": {
        "owner": "nix-community",
        "repo": "disko",
        "type": "github"
      }
    },
    "duat-secrets": {
      "flake": false,
      "locked": {
        "lastModified": 1751350677,
        "narHash": "sha256-7IzcKJfuBfrAtMaWPd5ELaLG3Q3GUpwDz2+fJQ/8e8Y=",
        "ref": "main",
        "rev": "d5493ae025cacca3c30c3102bd5a259fdcd90954",
        "shallow": true,
        "type": "git",
        "url": "ssh://git@github.com/user9592844/duat-secrets"
      },
      "original": {
        "ref": "main",
        "shallow": true,
        "type": "git",
        "url": "ssh://git@github.com/user9592844/duat-secrets"
      }
    },
    "home-manager": {
      "inputs": {
        "nixpkgs": "nixpkgs_2"
      },
      "locked": {
        "lastModified": 1757809953,
        "narHash": "sha256-29mlXbfAJhz9cWVrPP4STvVPDVZFCfCOmaIN5lFJa+Y=",
        "owner": "nix-community",
        "repo": "home-manager",
        "rev": "17a10049486f6698fca32097d8f52c0c895542b0",
        "type": "github"
      },
      "original": {
        "owner": "nix-community",
        "repo": "home-manager",
        "type": "github"
      }
    },
    "impermanence": {
      "locked": {
        "lastModified": 1737831083,
        "narHash": "sha256-LJggUHbpyeDvNagTUrdhe/pRVp4pnS6wVKALS782gRI=",
        "owner": "nix-community",
        "repo": "impermanence",
        "rev": "4b3e914cdf97a5b536a889e939fb2fd2b043a170",
        "type": "github"
      },
      "original": {
        "owner": "nix-community",
        "repo": "impermanence",
        "type": "github"
      }
    },
    "nixos-hardware": {
      "locked": {
        "lastModified": 1757775351,
        "narHash": "sha256-xWsxmNHwt9jV/yFJqzsNeilpH4BR8MPe44Yt0eaGAIM=",
        "owner": "NixOs",
        "repo": "nixos-hardware",
        "rev": "f89c620d3d6e584d98280b48f0af7be4f8506ab5",
        "type": "github"
      },
      "original": {
        "owner": "NixOs",
        "repo": "nixos-hardware",
        "type": "github"
      }
    },
    "nixpkgs": {
      "locked": {
        "lastModified": 1752596105,
        "narHash": "sha256-lFNVsu/mHLq3q11MuGkMhUUoSXEdQjCHvpReaGP1S2k=",
        "owner": "NixOS",
        "repo": "nixpkgs",
        "rev": "dab3a6e781554f965bde3def0aa2fda4eb8f1708",
        "type": "github"
      },
      "original": {
        "owner": "NixOS",
        "ref": "nixpkgs-unstable",
        "repo": "nixpkgs",
        "type": "github"
      }
    },
    "nixpkgs_2": {
      "locked": {
        "lastModified": 1757347588,
        "narHash": "sha256-tLdkkC6XnsY9EOZW9TlpesTclELy8W7lL2ClL+nma8o=",
        "owner": "NixOS",
        "repo": "nixpkgs",
        "rev": "b599843bad24621dcaa5ab60dac98f9b0eb1cabe",
        "type": "github"
      },
      "original": {
        "owner": "NixOS",
        "ref": "nixos-unstable",
        "repo": "nixpkgs",
        "type": "github"
      }
    },
    "nixpkgs_3": {
      "locked": {
        "lastModified": 1757745802,
        "narHash": "sha256-hLEO2TPj55KcUFUU1vgtHE9UEIOjRcH/4QbmfHNF820=",
        "owner": "NixOS",
        "repo": "nixpkgs",
        "rev": "c23193b943c6c689d70ee98ce3128239ed9e32d1",
        "type": "github"
      },
      "original": {
        "owner": "NixOS",
        "ref": "nixos-unstable",
        "repo": "nixpkgs",
        "type": "github"
      }
    },
    "nixpkgs_4": {
      "locked": {
        "lastModified": 1757034884,
        "narHash": "sha256-PgLSZDBEWUHpfTRfFyklmiiLBE1i1aGCtz4eRA3POao=",
        "owner": "NixOS",
        "repo": "nixpkgs",
        "rev": "ca77296380960cd497a765102eeb1356eb80fed0",
        "type": "github"
      },
      "original": {
        "owner": "NixOS",
        "ref": "nixpkgs-unstable",
        "repo": "nixpkgs",
        "type": "github"
      }
    },
    "root": {
      "inputs": {
        "disko": "disko",
        "duat-secrets": "duat-secrets",
        "home-manager": "home-manager",
        "impermanence": "impermanence",
        "nixos-hardware": "nixos-hardware",
        "nixpkgs": "nixpkgs_3",
        "sops": "sops"
      }
    },
    "sops": {
      "inputs": {
        "nixpkgs": "nixpkgs_4"
      },
      "locked": {
        "lastModified": 1757503115,
        "narHash": "sha256-S9F6bHUBh+CFEUalv/qxNImRapCxvSnOzWBUZgK1zDU=",
        "owner": "mic92",
        "repo": "sops-nix",
        "rev": "0bf793823386187dff101ee2a9d4ed26de8bbf8c",
        "type": "github"
      },
      "original": {
        "owner": "mic92",
        "repo": "sops-nix",
        "type": "github"
      }
    }
  },
  "root": "root",
  "version": 7
}
